
Microsoft Visual Studio Solution File, Format Version 12.00
# Visual Studio 15
VisualStudioVersion = 15.0.27703.2000
MinimumVisualStudioVersion = 10.0.40219.1
Project("{FAE04EC0-301F-11D3-BF4B-00C04F79EFBC}") = "FizzBuzz2", "FizzBuzz2\FizzBuzz2.csproj", "{3431B490-5253-4F36-925D-616D8029F13E}"
EndProject
Project("{FAE04EC0-301F-11D3-BF4B-00C04F79EFBC}") = "FizzBuzz2.Tests", "FizzBuzz2.Tests\FizzBuzz2.Tests.csproj", "{CCCB6284-CC00-4413-85F1-F416063FD11A}"
EndProject
Project("{FAE04EC0-301F-11D3-BF4B-00C04F79EFBC}") = "FizzBuzz2.App", "FizzBuzz2.App\FizzBuzz2.App.csproj", "{B1F7B828-5303-4994-A372-A3E0C47CAB11}"
EndProject
Global
	GlobalSection(SolutionConfigurationPlatforms) = preSolution
		Debug|Any CPU = Debug|Any CPU
		Release|Any CPU = Release|Any CPU
	EndGlobalSection
	GlobalSection(ProjectConfigurationPlatforms) = postSolution
		{3431B490-5253-4F36-925D-616D8029F13E}.Debug|Any CPU.ActiveCfg = Debug|Any CPU
		{3431B490-5253-4F36-925D-616D8029F13E}.Debug|Any CPU.Build.0 = Debug|Any CPU
		{3431B490-5253-4F36-925D-616D8029F13E}.Release|Any CPU.ActiveCfg = Release|Any CPU
		{3431B490-5253-4F36-925D-616D8029F13E}.Release|Any CPU.Build.0 = Release|Any CPU
		{CCCB6284-CC00-4413-85F1-F416063FD11A}.Debug|Any CPU.ActiveCfg = Debug|Any CPU
		{CCCB6284-CC00-4413-85F1-F416063FD11A}.Debug|Any CPU.Build.0 = Debug|Any CPU
		{CCCB6284-CC00-4413-85F1-F416063FD11A}.Release|Any CPU.ActiveCfg = Release|Any CPU
		{CCCB6284-CC00-4413-85F1-F416063FD11A}.Release|Any CPU.Build.0 = Release|Any CPU
		{B1F7B828-5303-4994-A372-A3E0C47CAB11}.Debug|Any CPU.ActiveCfg = Debug|Any CPU
		{B1F7B828-5303-4994-A372-A3E0C47CAB11}.Debug|Any CPU.Build.0 = Debug|Any CPU
		{B1F7B828-5303-4994-A372-A3E0C47CAB11}.Release|Any CPU.ActiveCfg = Release|Any CPU
		{B1F7B828-5303-4994-A372-A3E0C47CAB11}.Release|Any CPU.Build.0 = Release|Any CPU
	EndGlobalSection
	GlobalSection(SolutionProperties) = preSolution
		HideSolutionNode = FALSE
	EndGlobalSection
	GlobalSection(ExtensibilityGlobals) = postSolution
		SolutionGuid = {2AE89FF4-D7B3-4BDC-86CF-39D35A26A61B}
	EndGlobalSection
EndGlobal
